# @generated - this file is auto-generated by `mise lock` https://mise.jdx.dev/dev-tools/mise-lock.html

lockfile_version = 3

[[tools.node]]
version = "24.21.0"
backend = "core:node"
specifiers = ["24.21.0"]

[tools.node."platforms.linux-arm64"]
checksum = "sha256:724282c3b43aec998aa9527380465b45d229e021b58035f5f4f63095eabfe5d5"
url = "https://nodejs.org/dist/v24.21.0/node-v24.21.0-linux-arm64.tar.gz"

[tools.node."platforms.linux-x64"]
checksum = "sha256:6e1db87ef58b8819e5d5402eff1536491b18edd8eb7bee5ef7897876e88dc5ff"
url = "https://nodejs.org/dist/v24.21.0/node-v24.21.0-linux-x64.tar.gz"

[tools.node."platforms.macos-arm64"]
checksum = "sha256:bed7eea5325e1108f32ce5228ddd6a5f0f08a499ee42aa7442aea583702f6057"
url = "https://nodejs.org/dist/v24.21.0/node-v24.21.0-darwin-arm64.tar.gz"

[tools.node."platforms.macos-x64"]
checksum = "sha256:1462cb3b3046b815cf8ea436d3da450ec1a9f11dac7e5a46b0ada5305d7e8097"
url = "https://nodejs.org/dist/v24.21.0/node-v24.21.0-darwin-x64.tar.gz"

[[tools.pitchfork]]
version = "2.29.0"
backend = "packslip:github.com/jdx/pitchfork"
specifiers = ["2.29.0"]

[tools.pitchfork."platforms.linux-arm64"]
checksum = "sha256:dfea08ac9b4a8b2a3f4c9ce94c5faba9a1996634a22bdc6fd17510affe9dca71"
url = "https://github.com/jdx/pitchfork/releases/download/v2.29.0/pitchfork-aarch64-unknown-linux-gnu.tar.gz"
signer = "sigstore-oidc:https://github.com/jdx/pitchfork/.github/workflows/release.yml"
repository_ids = { repository = "899500793" }

[tools.pitchfork."platforms.linux-x64"]
checksum = "sha256:80d48f7077f8612c7684777aef346b93d3ecca296d4d9b392b2fb5e50a4f891d"
url = "https://github.com/jdx/pitchfork/releases/download/v2.29.0/pitchfork-x86_64-unknown-linux-gnu.tar.gz"
signer = "sigstore-oidc:https://github.com/jdx/pitchfork/.github/workflows/release.yml"
repository_ids = { repository = "899500793" }

[tools.pitchfork."platforms.macos-arm64"]
checksum = "sha256:06adf144e4a48dad55806706a7b0fe1a8dfc901726c5c8939e54fbc2bcabb04e"
url = "https://github.com/jdx/pitchfork/releases/download/v2.29.0/pitchfork-aarch64-apple-darwin.tar.gz"
signer = "sigstore-oidc:https://github.com/jdx/pitchfork/.github/workflows/release.yml"
repository_ids = { repository = "899500793" }

[[tools.pnpm]]
version = "12.8.2"
backend = "aqua:pnpm/pnpm"
specifiers = ["12.8.2"]

[tools.pnpm."platforms.linux-arm64"]
checksum = "sha256:8daad024c6ac24ac17b852a8c849e6290b63d537abc0a2c3efe6938d970f9739"
url = "https://github.com/pnpm/pnpm/releases/download/v12.8.2/pnpm-linux-arm64.tar.gz"
url_api = "https://api.github.com/repos/pnpm/pnpm/releases/assets/599659868"
provenance = "github-attestations"

[tools.pnpm."platforms.linux-x64"]
checksum = "sha256:8400740c0c9aa1cb0e5b91748b95524e1839f3fb720f8ef5d4910c3fc4d0e72f"
url = "https://github.com/pnpm/pnpm/releases/download/v12.8.2/pnpm-linux-x64.tar.gz"
url_api = "https://api.github.com/repos/pnpm/pnpm/releases/assets/599659870"
provenance = "github-attestations"

[tools.pnpm."platforms.macos-arm64"]
checksum = "sha256:abdace06607e8bcdcd72517a6b4bf01f711627e5979a65c828eccd69e71e9e6f"
url = "https://github.com/pnpm/pnpm/releases/download/v12.8.2/pnpm-darwin-arm64.tar.gz"
url_api = "https://api.github.com/repos/pnpm/pnpm/releases/assets/599659862"
provenance = "github-attestations"

[tools.pnpm."platforms.macos-x64"]
checksum = "sha256:162b2c91754a673195cce92a48b9a5ce82b2be379bdb0e67078717b9503b3bcc"
url = "https://github.com/pnpm/pnpm/releases/download/v12.8.2/pnpm-darwin-x64.tar.gz"
url_api = "https://api.github.com/repos/pnpm/pnpm/releases/assets/599659880"
provenance = "github-attestations"

[[tools.usage]]
version = "6.12.0"
backend = "ubi:jdx/usage"
specifiers = ["6.12.0"]

[tools.usage."platforms.macos-arm64-usage"]
checksum = "blake3:697fd703b8224112ead6b23ff1a6afff1319707751b7073186384a31b9d7036a"

[[tools.watchexec]]
version = "2.7.4"
backend = "aqua:watchexec/watchexec"
specifiers = ["latest"]

[tools.watchexec."platforms.linux-arm64"]
checksum = "sha256:b649cf89bda51ba060abb9e9765ea585823ee94b9bf2e2ad86081323a13a81c4"
url = "https://github.com/watchexec/watchexec/releases/download/v2.7.4/watchexec-2.7.4-aarch64-unknown-linux-gnu.tar.xz"
url_api = "https://api.github.com/repos/watchexec/watchexec/releases/assets/605904467"

[tools.watchexec."platforms.linux-x64"]
checksum = "sha256:6d7e89e8815ac1b4eafb9497ed0a8ada986117fbba460b2f9282e0e160f776dd"
url = "https://github.com/watchexec/watchexec/releases/download/v2.7.4/watchexec-2.7.4-x86_64-unknown-linux-gnu.tar.xz"
url_api = "https://api.github.com/repos/watchexec/watchexec/releases/assets/605904460"

[tools.watchexec."platforms.macos-arm64"]
checksum = "sha256:1e5052fe1f0690cd04d13d59f2d6bb0b090985d88c7406acadacd1198f58706e"
url = "https://github.com/watchexec/watchexec/releases/download/v2.7.4/watchexec-2.7.4-aarch64-apple-darwin.tar.xz"
url_api = "https://api.github.com/repos/watchexec/watchexec/releases/assets/605904470"

[tools.watchexec."platforms.macos-x64"]
checksum = "sha256:e3016a20879510ea3a585e75d73a5aff8be0648d9e88d71439d515e63da13255"
url = "https://github.com/watchexec/watchexec/releases/download/v2.7.4/watchexec-2.7.4-x86_64-apple-darwin.tar.xz"
url_api = "https://api.github.com/repos/watchexec/watchexec/releases/assets/605904462"
