{
  "name": "virtualcoffee-io",
  "version": "2.0.0",
  "lockfileVersion": 1,
  "requires": true,
  "dependencies": {
    "yarn": {
      "version": "1.22.15",
      "resolved": "https://registry.npmjs.org/yarn/-/yarn-1.22.15.tgz",
      "integrity": "sha512-AzoEDxj256BOS/jqDXA3pjyhmi4FRBBUMgYoTHI4EIt2EhREkvH0soPVEtnD+DQIJfU5R9bKhcZ1H9l8zPWeoA=="
    }
  }
}
